
Microsoft Visual Studio Solution File, Format Version 12.00
# Visual Studio Version 17
VisualStudioVersion = 17.0.31903.59
MinimumVisualStudioVersion = 10.0.40219.1
Project("{FAE04EC0-301F-11D3-BF4B-00C04F79EFBC}") = "WebApp", "WebApp\WebApp.csproj", "{9811BAA1-887D-49D0-BCD0-BF53B98B2B4B}"
EndProject
Project("{2150E333-8FDC-42A3-9474-1A3956D46DE8}") = "etc", "etc", "{5856180D-83E9-4F79-9A74-789EEF35B574}"
	ProjectSection(SolutionItems) = preProject
		.gitignore = .gitignore
	EndProjectSection
EndProject
Global
	GlobalSection(SolutionConfigurationPlatforms) = preSolution
		Debug|Any CPU = Debug|Any CPU
		Release|Any CPU = Release|Any CPU
	EndGlobalSection
	GlobalSection(ProjectConfigurationPlatforms) = postSolution
		{9811BAA1-887D-49D0-BCD0-BF53B98B2B4B}.Debug|Any CPU.ActiveCfg = Debug|Any CPU
		{9811BAA1-887D-49D0-BCD0-BF53B98B2B4B}.Debug|Any CPU.Build.0 = Debug|Any CPU
		{9811BAA1-887D-49D0-BCD0-BF53B98B2B4B}.Release|Any CPU.ActiveCfg = Release|Any CPU
		{9811BAA1-887D-49D0-BCD0-BF53B98B2B4B}.Release|Any CPU.Build.0 = Release|Any CPU
	EndGlobalSection
	GlobalSection(SolutionProperties) = preSolution
		HideSolutionNode = FALSE
	EndGlobalSection
	GlobalSection(ExtensibilityGlobals) = postSolution
		SolutionGuid = {7C4DCF50-4F3B-4FA7-978C-6B5751FE37D1}
	EndGlobalSection
EndGlobal
